
Microsoft Visual Studio Solution File, Format Version 12.00
# Visual Studio Version 16
VisualStudioVersion = 16.0.33423.256
MinimumVisualStudioVersion = 10.0.40219.1
Project("{8BC9CEB8-8B4A-11D0-8D11-00A0C91BC942}") = "Program 5.1 Factorial function (recursive implementation)", "Program 5.1 Factorial function (recursive implementation)\Program 5.1 Factorial function (recursive implementation).vcxproj", "{5B3335E3-E753-45BC-B564-32941BBFE16F}"
EndProject
Project("{8BC9CEB8-8B4A-11D0-8D11-00A0C91BC942}") = "Program 5.1 Factorial function (recursive implementation) 2", "Program 5.1 Factorial function (recursive implementation) 2\Program 5.1 Factorial function (recursive implementation) 2.vcxproj", "{5330FE94-5397-40DE-959D-CF3626415F28}"
EndProject
Project("{8BC9CEB8-8B4A-11D0-8D11-00A0C91BC942}") = "Program 5.1 Factorial function (recursive implementation) 3", "Program 5.1 Factorial function (recursive implementation) 3\Program 5.1 Factorial function (recursive implementation) 3.vcxproj", "{2B163E56-9ABB-4C88-A1C8-F24F8C75A34B}"
EndProject
Global
	GlobalSection(SolutionConfigurationPlatforms) = preSolution
		Debug|x64 = Debug|x64
		Debug|x86 = Debug|x86
		Release|x64 = Release|x64
		Release|x86 = Release|x86
	EndGlobalSection
	GlobalSection(ProjectConfigurationPlatforms) = postSolution
		{5B3335E3-E753-45BC-B564-32941BBFE16F}.Debug|x64.ActiveCfg = Debug|x64
		{5B3335E3-E753-45BC-B564-32941BBFE16F}.Debug|x64.Build.0 = Debug|x64
		{5B3335E3-E753-45BC-B564-32941BBFE16F}.Debug|x86.ActiveCfg = Debug|Win32
		{5B3335E3-E753-45BC-B564-32941BBFE16F}.Debug|x86.Build.0 = Debug|Win32
		{5B3335E3-E753-45BC-B564-32941BBFE16F}.Release|x64.ActiveCfg = Release|x64
		{5B3335E3-E753-45BC-B564-32941BBFE16F}.Release|x64.Build.0 = Release|x64
		{5B3335E3-E753-45BC-B564-32941BBFE16F}.Release|x86.ActiveCfg = Release|Win32
		{5B3335E3-E753-45BC-B564-32941BBFE16F}.Release|x86.Build.0 = Release|Win32
		{5330FE94-5397-40DE-959D-CF3626415F28}.Debug|x64.ActiveCfg = Debug|x64
		{5330FE94-5397-40DE-959D-CF3626415F28}.Debug|x64.Build.0 = Debug|x64
		{5330FE94-5397-40DE-959D-CF3626415F28}.Debug|x86.ActiveCfg = Debug|Win32
		{5330FE94-5397-40DE-959D-CF3626415F28}.Debug|x86.Build.0 = Debug|Win32
		{5330FE94-5397-40DE-959D-CF3626415F28}.Release|x64.ActiveCfg = Release|x64
		{5330FE94-5397-40DE-959D-CF3626415F28}.Release|x64.Build.0 = Release|x64
		{5330FE94-5397-40DE-959D-CF3626415F28}.Release|x86.ActiveCfg = Release|Win32
		{5330FE94-5397-40DE-959D-CF3626415F28}.Release|x86.Build.0 = Release|Win32
		{2B163E56-9ABB-4C88-A1C8-F24F8C75A34B}.Debug|x64.ActiveCfg = Debug|x64
		{2B163E56-9ABB-4C88-A1C8-F24F8C75A34B}.Debug|x64.Build.0 = Debug|x64
		{2B163E56-9ABB-4C88-A1C8-F24F8C75A34B}.Debug|x86.ActiveCfg = Debug|Win32
		{2B163E56-9ABB-4C88-A1C8-F24F8C75A34B}.Debug|x86.Build.0 = Debug|Win32
		{2B163E56-9ABB-4C88-A1C8-F24F8C75A34B}.Release|x64.ActiveCfg = Release|x64
		{2B163E56-9ABB-4C88-A1C8-F24F8C75A34B}.Release|x64.Build.0 = Release|x64
		{2B163E56-9ABB-4C88-A1C8-F24F8C75A34B}.Release|x86.ActiveCfg = Release|Win32
		{2B163E56-9ABB-4C88-A1C8-F24F8C75A34B}.Release|x86.Build.0 = Release|Win32
	EndGlobalSection
	GlobalSection(SolutionProperties) = preSolution
		HideSolutionNode = FALSE
	EndGlobalSection
	GlobalSection(ExtensibilityGlobals) = postSolution
		SolutionGuid = {0690280C-7E84-418A-A395-D598E1B28A46}
	EndGlobalSection
EndGlobal
